
Microsoft Visual Studio Solution File, Format Version 12.00
# Visual Studio Version 17
VisualStudioVersion = 17.0.32014.148
MinimumVisualStudioVersion = 10.0.40219.1
Project("{FAE04EC0-301F-11D3-BF4B-00C04F79EFBC}") = "APIClient", "APIClient.csproj", "{71FF5CB9-BA75-492E-AB43-0797B2B3D4A0}"
EndProject
Global
	GlobalSection(SolutionConfigurationPlatforms) = preSolution
		Debug|Any CPU = Debug|Any CPU
		Release|Any CPU = Release|Any CPU
	EndGlobalSection
	GlobalSection(ProjectConfigurationPlatforms) = postSolution
		{71FF5CB9-BA75-492E-AB43-0797B2B3D4A0}.Debug|Any CPU.ActiveCfg = Debug|Any CPU
		{71FF5CB9-BA75-492E-AB43-0797B2B3D4A0}.Debug|Any CPU.Build.0 = Debug|Any CPU
		{71FF5CB9-BA75-492E-AB43-0797B2B3D4A0}.Release|Any CPU.ActiveCfg = Release|Any CPU
		{71FF5CB9-BA75-492E-AB43-0797B2B3D4A0}.Release|Any CPU.Build.0 = Release|Any CPU
	EndGlobalSection
	GlobalSection(SolutionProperties) = preSolution
		HideSolutionNode = FALSE
	EndGlobalSection
	GlobalSection(ExtensibilityGlobals) = postSolution
		SolutionGuid = {8AFB550C-9D17-4BC4-BF4F-44E536F8043A}
	EndGlobalSection
EndGlobal
